// !$*UTF8*$!
{
	archiveVersion = 1;
	classes = {
	};
	objectVersion = 46;
	objects = {

/* Begin PBXBuildFile section */
		D04238E219F6E1E800FA9CD0 /* assassin.cpp in Sources */ = {isa = PBXBuildFile; fileRef = D04238E119F6E1E800FA9CD0 /* assassin.cpp */; };
		D04238E619F6EFD300FA9CD0 /* munitioner.cpp in Sources */ = {isa = PBXBuildFile; fileRef = D04238E419F6EFD300FA9CD0 /* munitioner.cpp */; };
		D04238E919F6F1AC00FA9CD0 /* doctor.cpp in Sources */ = {isa = PBXBuildFile; fileRef = D04238E719F6F1AC00FA9CD0 /* doctor.cpp */; };
		D04238EC19F71B5200FA9CD0 /* witchDoctor.cpp in Sources */ = {isa = PBXBuildFile; fileRef = D04238EA19F71B5200FA9CD0 /* witchDoctor.cpp */; };
		D04238EF19F724B900FA9CD0 /* utilities.cpp in Sources */ = {isa = PBXBuildFile; fileRef = D04238ED19F724B900FA9CD0 /* utilities.cpp */; };
		D04238F219F727DE00FA9CD0 /* warrior.cpp in Sources */ = {isa = PBXBuildFile; fileRef = D04238F019F727DE00FA9CD0 /* warrior.cpp */; };
		D07782D719F9AADE0094D3BE /* gunner.cpp in Sources */ = {isa = PBXBuildFile; fileRef = D07782D519F9AADE0094D3BE /* gunner.cpp */; };
		D07782DA19F9ACA90094D3BE /* mercenary.cpp in Sources */ = {isa = PBXBuildFile; fileRef = D07782D819F9ACA90094D3BE /* mercenary.cpp */; };
		D07782DD19F9AE190094D3BE /* scholar.cpp in Sources */ = {isa = PBXBuildFile; fileRef = D07782DB19F9AE190094D3BE /* scholar.cpp */; };
		D0F5EFC219D116B900F973F1 /* main.cpp in Sources */ = {isa = PBXBuildFile; fileRef = D0F5EFC119D116B900F973F1 /* main.cpp */; };
		D0F5EFCA19D1188000F973F1 /* Skills.cpp in Sources */ = {isa = PBXBuildFile; fileRef = D0F5EFC919D1188000F973F1 /* Skills.cpp */; };
		D0F5EFE319D1E5D400F973F1 /* human.cpp in Sources */ = {isa = PBXBuildFile; fileRef = D0F5EFDB19D1E5D400F973F1 /* human.cpp */; };
		D0F5EFE419D1E5D400F973F1 /* stdafx.cpp in Sources */ = {isa = PBXBuildFile; fileRef = D0F5EFDE19D1E5D400F973F1 /* stdafx.cpp */; };
		D0F5EFEA19D392F500F973F1 /* wizard.cpp in Sources */ = {isa = PBXBuildFile; fileRef = D0F5EFE919D392F500F973F1 /* wizard.cpp */; };
/* End PBXBuildFile section */

/* Begin PBXCopyFilesBuildPhase section */
		D0F5EFBC19D116B900F973F1 /* CopyFiles */ = {
			isa = PBXCopyFilesBuildPhase;
			buildActionMask = 2147483647;
			dstPath = /usr/share/man/man1/;
			dstSubfolderSpec = 0;
			files = (
			);
			runOnlyForDeploymentPostprocessing = 1;
		};
/* End PBXCopyFilesBuildPhase section */

/* Begin PBXFileReference section */
		D04238DD19F6E15600FA9CD0 /* assassin.h */ = {isa = PBXFileReference; lastKnownFileType = sourcecode.c.h; path = assassin.h; sourceTree = "<group>"; };
		D04238E119F6E1E800FA9CD0 /* assassin.cpp */ = {isa = PBXFileReference; fileEncoding = 4; lastKnownFileType = sourcecode.cpp.cpp; path = assassin.cpp; sourceTree = "<group>"; };
		D04238E419F6EFD300FA9CD0 /* munitioner.cpp */ = {isa = PBXFileReference; fileEncoding = 4; lastKnownFileType = sourcecode.cpp.cpp; path = munitioner.cpp; sourceTree = "<group>"; };
		D04238E519F6EFD300FA9CD0 /* munitioner.h */ = {isa = PBXFileReference; fileEncoding = 4; lastKnownFileType = sourcecode.c.h; path = munitioner.h; sourceTree = "<group>"; };
		D04238E719F6F1AC00FA9CD0 /* doctor.cpp */ = {isa = PBXFileReference; fileEncoding = 4; lastKnownFileType = sourcecode.cpp.cpp; path = doctor.cpp; sourceTree = "<group>"; };
		D04238E819F6F1AC00FA9CD0 /* doctor.h */ = {isa = PBXFileReference; fileEncoding = 4; lastKnownFileType = sourcecode.c.h; path = doctor.h; sourceTree = "<group>"; };
		D04238EA19F71B5200FA9CD0 /* witchDoctor.cpp */ = {isa = PBXFileReference; fileEncoding = 4; lastKnownFileType = sourcecode.cpp.cpp; path = witchDoctor.cpp; sourceTree = "<group>"; };
		D04238EB19F71B5200FA9CD0 /* witchDoctor.h */ = {isa = PBXFileReference; fileEncoding = 4; lastKnownFileType = sourcecode.c.h; path = witchDoctor.h; sourceTree = "<group>"; };
		D04238ED19F724B900FA9CD0 /* utilities.cpp */ = {isa = PBXFileReference; fileEncoding = 4; lastKnownFileType = sourcecode.cpp.cpp; path = utilities.cpp; sourceTree = "<group>"; };
		D04238EE19F724B900FA9CD0 /* utilities.h */ = {isa = PBXFileReference; fileEncoding = 4; lastKnownFileType = sourcecode.c.h; path = utilities.h; sourceTree = "<group>"; };
		D04238F019F727DE00FA9CD0 /* warrior.cpp */ = {isa = PBXFileReference; fileEncoding = 4; lastKnownFileType = sourcecode.cpp.cpp; path = warrior.cpp; sourceTree = "<group>"; };
		D04238F119F727DE00FA9CD0 /* warrior.h */ = {isa = PBXFileReference; fileEncoding = 4; lastKnownFileType = sourcecode.c.h; path = warrior.h; sourceTree = "<group>"; };
		D07782D519F9AADE0094D3BE /* gunner.cpp */ = {isa = PBXFileReference; fileEncoding = 4; lastKnownFileType = sourcecode.cpp.cpp; path = gunner.cpp; sourceTree = "<group>"; };
		D07782D619F9AADE0094D3BE /* gunner.h */ = {isa = PBXFileReference; fileEncoding = 4; lastKnownFileType = sourcecode.c.h; path = gunner.h; sourceTree = "<group>"; };
		D07782D819F9ACA90094D3BE /* mercenary.cpp */ = {isa = PBXFileReference; fileEncoding = 4; lastKnownFileType = sourcecode.cpp.cpp; path = mercenary.cpp; sourceTree = "<group>"; };
		D07782D919F9ACA90094D3BE /* mercenary.h */ = {isa = PBXFileReference; fileEncoding = 4; lastKnownFileType = sourcecode.c.h; path = mercenary.h; sourceTree = "<group>"; };
		D07782DB19F9AE190094D3BE /* scholar.cpp */ = {isa = PBXFileReference; fileEncoding = 4; lastKnownFileType = sourcecode.cpp.cpp; path = scholar.cpp; sourceTree = "<group>"; };
		D07782DC19F9AE190094D3BE /* scholar.h */ = {isa = PBXFileReference; fileEncoding = 4; lastKnownFileType = sourcecode.c.h; path = scholar.h; sourceTree = "<group>"; };
		D0F5EFBE19D116B900F973F1 /* WJD */ = {isa = PBXFileReference; explicitFileType = "compiled.mach-o.executable"; includeInIndex = 0; path = WJD; sourceTree = BUILT_PRODUCTS_DIR; };
		D0F5EFC119D116B900F973F1 /* main.cpp */ = {isa = PBXFileReference; lastKnownFileType = sourcecode.cpp.cpp; path = main.cpp; sourceTree = "<group>"; };
		D0F5EFC819D1186C00F973F1 /* Skills.h */ = {isa = PBXFileReference; lastKnownFileType = sourcecode.c.h; path = Skills.h; sourceTree = "<group>"; };
		D0F5EFC919D1188000F973F1 /* Skills.cpp */ = {isa = PBXFileReference; fileEncoding = 4; lastKnownFileType = sourcecode.cpp.cpp; path = Skills.cpp; sourceTree = "<group>"; };
		D0F5EFDB19D1E5D400F973F1 /* human.cpp */ = {isa = PBXFileReference; fileEncoding = 4; lastKnownFileType = sourcecode.cpp.cpp; path = human.cpp; sourceTree = "<group>"; };
		D0F5EFDC19D1E5D400F973F1 /* human.h */ = {isa = PBXFileReference; fileEncoding = 4; lastKnownFileType = sourcecode.c.h; path = human.h; sourceTree = "<group>"; };
		D0F5EFDD19D1E5D400F973F1 /* ReadMe.txt */ = {isa = PBXFileReference; fileEncoding = 4; lastKnownFileType = text; path = ReadMe.txt; sourceTree = "<group>"; };
		D0F5EFDE19D1E5D400F973F1 /* stdafx.cpp */ = {isa = PBXFileReference; fileEncoding = 4; lastKnownFileType = sourcecode.cpp.cpp; path = stdafx.cpp; sourceTree = "<group>"; };
		D0F5EFDF19D1E5D400F973F1 /* stdafx.h */ = {isa = PBXFileReference; fileEncoding = 4; lastKnownFileType = sourcecode.c.h; path = stdafx.h; sourceTree = "<group>"; };
		D0F5EFE119D1E5D400F973F1 /* WJD.vcxproj */ = {isa = PBXFileReference; fileEncoding = 4; lastKnownFileType = text.xml; path = WJD.vcxproj; sourceTree = "<group>"; };
		D0F5EFE219D1E5D400F973F1 /* WJD.vcxproj.filters */ = {isa = PBXFileReference; fileEncoding = 4; lastKnownFileType = text.xml; path = WJD.vcxproj.filters; sourceTree = "<group>"; };
		D0F5EFE819D392E600F973F1 /* wizard.h */ = {isa = PBXFileReference; lastKnownFileType = sourcecode.c.h; path = wizard.h; sourceTree = "<group>"; };
		D0F5EFE919D392F500F973F1 /* wizard.cpp */ = {isa = PBXFileReference; fileEncoding = 4; lastKnownFileType = sourcecode.cpp.cpp; path = wizard.cpp; sourceTree = "<group>"; };
/* End PBXFileReference section */

/* Begin PBXFrameworksBuildPhase section */
		D0F5EFBB19D116B900F973F1 /* Frameworks */ = {
			isa = PBXFrameworksBuildPhase;
			buildActionMask = 2147483647;
			files = (
			);
			runOnlyForDeploymentPostprocessing = 0;
		};
/* End PBXFrameworksBuildPhase section */

/* Begin PBXGroup section */
		D0F5EFB519D116B900F973F1 = {
			isa = PBXGroup;
			children = (
				D0F5EFC019D116B900F973F1 /* WJD */,
				D0F5EFBF19D116B900F973F1 /* Products */,
			);
			sourceTree = "<group>";
		};
		D0F5EFBF19D116B900F973F1 /* Products */ = {
			isa = PBXGroup;
			children = (
				D0F5EFBE19D116B900F973F1 /* WJD */,
			);
			name = Products;
			sourceTree = "<group>";
		};
		D0F5EFC019D116B900F973F1 /* WJD */ = {
			isa = PBXGroup;
			children = (
				D0F5EFDB19D1E5D400F973F1 /* human.cpp */,
				D0F5EFDC19D1E5D400F973F1 /* human.h */,
				D0F5EFDD19D1E5D400F973F1 /* ReadMe.txt */,
				D0F5EFDE19D1E5D400F973F1 /* stdafx.cpp */,
				D04238F019F727DE00FA9CD0 /* warrior.cpp */,
				D04238F119F727DE00FA9CD0 /* warrior.h */,
				D07782D519F9AADE0094D3BE /* gunner.cpp */,
				D07782D619F9AADE0094D3BE /* gunner.h */,
				D07782D819F9ACA90094D3BE /* mercenary.cpp */,
				D07782D919F9ACA90094D3BE /* mercenary.h */,
				D0F5EFDF19D1E5D400F973F1 /* stdafx.h */,
				D0F5EFE119D1E5D400F973F1 /* WJD.vcxproj */,
				D0F5EFE219D1E5D400F973F1 /* WJD.vcxproj.filters */,
				D0F5EFC119D116B900F973F1 /* main.cpp */,
				D0F5EFC819D1186C00F973F1 /* Skills.h */,
				D0F5EFE819D392E600F973F1 /* wizard.h */,
				D07782DB19F9AE190094D3BE /* scholar.cpp */,
				D07782DC19F9AE190094D3BE /* scholar.h */,
				D04238E419F6EFD300FA9CD0 /* munitioner.cpp */,
				D04238E719F6F1AC00FA9CD0 /* doctor.cpp */,
				D04238EA19F71B5200FA9CD0 /* witchDoctor.cpp */,
				D04238EB19F71B5200FA9CD0 /* witchDoctor.h */,
				D04238E819F6F1AC00FA9CD0 /* doctor.h */,
				D04238E519F6EFD300FA9CD0 /* munitioner.h */,
				D04238DD19F6E15600FA9CD0 /* assassin.h */,
				D04238E119F6E1E800FA9CD0 /* assassin.cpp */,
				D0F5EFE919D392F500F973F1 /* wizard.cpp */,
				D0F5EFC919D1188000F973F1 /* Skills.cpp */,
				D04238ED19F724B900FA9CD0 /* utilities.cpp */,
				D04238EE19F724B900FA9CD0 /* utilities.h */,
			);
			path = WJD;
			sourceTree = "<group>";
		};
/* End PBXGroup section */

/* Begin PBXNativeTarget section */
		D0F5EFBD19D116B900F973F1 /* WJD */ = {
			isa = PBXNativeTarget;
			buildConfigurationList = D0F5EFC519D116B900F973F1 /* Build configuration list for PBXNativeTarget "WJD" */;
			buildPhases = (
				D0F5EFBA19D116B900F973F1 /* Sources */,
				D0F5EFBB19D116B900F973F1 /* Frameworks */,
				D0F5EFBC19D116B900F973F1 /* CopyFiles */,
			);
			buildRules = (
			);
			dependencies = (
			);
			name = WJD;
			productName = WJD;
			productReference = D0F5EFBE19D116B900F973F1 /* WJD */;
			productType = "com.apple.product-type.tool";
		};
/* End PBXNativeTarget section */

/* Begin PBXProject section */
		D0F5EFB619D116B900F973F1 /* Project object */ = {
			isa = PBXProject;
			attributes = {
				LastUpgradeCheck = 0600;
				ORGANIZATIONNAME = "Yizhi Zhang";
				TargetAttributes = {
					D0F5EFBD19D116B900F973F1 = {
						CreatedOnToolsVersion = 6.0.1;
					};
				};
			};
			buildConfigurationList = D0F5EFB919D116B900F973F1 /* Build configuration list for PBXProject "WJD" */;
			compatibilityVersion = "Xcode 3.2";
			developmentRegion = English;
			hasScannedForEncodings = 0;
			knownRegions = (
				en,
			);
			mainGroup = D0F5EFB519D116B900F973F1;
			productRefGroup = D0F5EFBF19D116B900F973F1 /* Products */;
			projectDirPath = "";
			projectRoot = "";
			targets = (
				D0F5EFBD19D116B900F973F1 /* WJD */,
			);
		};
/* End PBXProject section */

/* Begin PBXSourcesBuildPhase section */
		D0F5EFBA19D116B900F973F1 /* Sources */ = {
			isa = PBXSourcesBuildPhase;
			buildActionMask = 2147483647;
			files = (
				D04238EF19F724B900FA9CD0 /* utilities.cpp in Sources */,
				D04238E619F6EFD300FA9CD0 /* munitioner.cpp in Sources */,
				D0F5EFC219D116B900F973F1 /* main.cpp in Sources */,
				D07782DA19F9ACA90094D3BE /* mercenary.cpp in Sources */,
				D07782DD19F9AE190094D3BE /* scholar.cpp in Sources */,
				D0F5EFEA19D392F500F973F1 /* wizard.cpp in Sources */,
				D04238E219F6E1E800FA9CD0 /* assassin.cpp in Sources */,
				D0F5EFE419D1E5D400F973F1 /* stdafx.cpp in Sources */,
				D07782D719F9AADE0094D3BE /* gunner.cpp in Sources */,
				D04238F219F727DE00FA9CD0 /* warrior.cpp in Sources */,
				D0F5EFE319D1E5D400F973F1 /* human.cpp in Sources */,
				D04238E919F6F1AC00FA9CD0 /* doctor.cpp in Sources */,
				D0F5EFCA19D1188000F973F1 /* Skills.cpp in Sources */,
				D04238EC19F71B5200FA9CD0 /* witchDoctor.cpp in Sources */,
			);
			runOnlyForDeploymentPostprocessing = 0;
		};
/* End PBXSourcesBuildPhase section */

/* Begin XCBuildConfiguration section */
		D0F5EFC319D116B900F973F1 /* Debug */ = {
			isa = XCBuildConfiguration;
			buildSettings = {
				ALWAYS_SEARCH_USER_PATHS = NO;
				CLANG_CXX_LANGUAGE_STANDARD = "gnu++0x";
				CLANG_CXX_LIBRARY = "libc++";
				CLANG_ENABLE_MODULES = YES;
				CLANG_ENABLE_OBJC_ARC = YES;
				CLANG_WARN_BOOL_CONVERSION = YES;
				CLANG_WARN_CONSTANT_CONVERSION = YES;
				CLANG_WARN_DIRECT_OBJC_ISA_USAGE = YES_ERROR;
				CLANG_WARN_EMPTY_BODY = YES;
				CLANG_WARN_ENUM_CONVERSION = YES;
				CLANG_WARN_INT_CONVERSION = YES;
				CLANG_WARN_OBJC_ROOT_CLASS = YES_ERROR;
				CLANG_WARN_UNREACHABLE_CODE = YES;
				CLANG_WARN__DUPLICATE_METHOD_MATCH = YES;
				COPY_PHASE_STRIP = NO;
				ENABLE_STRICT_OBJC_MSGSEND = YES;
				GCC_C_LANGUAGE_STANDARD = gnu99;
				GCC_DYNAMIC_NO_PIC = NO;
				GCC_OPTIMIZATION_LEVEL = 0;
				GCC_PREPROCESSOR_DEFINITIONS = (
					"DEBUG=1",
					"$(inherited)",
				);
				GCC_SYMBOLS_PRIVATE_EXTERN = NO;
				GCC_WARN_64_TO_32_BIT_CONVERSION = YES;
				GCC_WARN_ABOUT_RETURN_TYPE = YES_ERROR;
				GCC_WARN_UNDECLARED_SELECTOR = YES;
				GCC_WARN_UNINITIALIZED_AUTOS = YES_AGGRESSIVE;
				GCC_WARN_UNUSED_FUNCTION = YES;
				GCC_WARN_UNUSED_VARIABLE = YES;
				MACOSX_DEPLOYMENT_TARGET = 10.9;
				MTL_ENABLE_DEBUG_INFO = YES;
				ONLY_ACTIVE_ARCH = YES;
				SDKROOT = macosx;
			};
			name = Debug;
		};
		D0F5EFC419D116B900F973F1 /* Release */ = {
			isa = XCBuildConfiguration;
			buildSettings = {
				ALWAYS_SEARCH_USER_PATHS = NO;
				CLANG_CXX_LANGUAGE_STANDARD = "gnu++0x";
				CLANG_CXX_LIBRARY = "libc++";
				CLANG_ENABLE_MODULES = YES;
				CLANG_ENABLE_OBJC_ARC = YES;
				CLANG_WARN_BOOL_CONVERSION = YES;
				CLANG_WARN_CONSTANT_CONVERSION = YES;
				CLANG_WARN_DIRECT_OBJC_ISA_USAGE = YES_ERROR;
				CLANG_WARN_EMPTY_BODY = YES;
				CLANG_WARN_ENUM_CONVERSION = YES;
				CLANG_WARN_INT_CONVERSION = YES;
				CLANG_WARN_OBJC_ROOT_CLASS = YES_ERROR;
				CLANG_WARN_UNREACHABLE_CODE = YES;
				CLANG_WARN__DUPLICATE_METHOD_MATCH = YES;
				COPY_PHASE_STRIP = YES;
				DEBUG_INFORMATION_FORMAT = "dwarf-with-dsym";
				ENABLE_NS_ASSERTIONS = NO;
				ENABLE_STRICT_OBJC_MSGSEND = YES;
				GCC_C_LANGUAGE_STANDARD = gnu99;
				GCC_WARN_64_TO_32_BIT_CONVERSION = YES;
				GCC_WARN_ABOUT_RETURN_TYPE = YES_ERROR;
				GCC_WARN_UNDECLARED_SELECTOR = YES;
				GCC_WARN_UNINITIALIZED_AUTOS = YES_AGGRESSIVE;
				GCC_WARN_UNUSED_FUNCTION = YES;
				GCC_WARN_UNUSED_VARIABLE = YES;
				MACOSX_DEPLOYMENT_TARGET = 10.9;
				MTL_ENABLE_DEBUG_INFO = NO;
				SDKROOT = macosx;
			};
			name = Release;
		};
		D0F5EFC619D116B900F973F1 /* Debug */ = {
			isa = XCBuildConfiguration;
			buildSettings = {
				PRODUCT_NAME = "$(TARGET_NAME)";
			};
			name = Debug;
		};
		D0F5EFC719D116B900F973F1 /* Release */ = {
			isa = XCBuildConfiguration;
			buildSettings = {
				PRODUCT_NAME = "$(TARGET_NAME)";
			};
			name = Release;
		};
/* End XCBuildConfiguration section */

/* Begin XCConfigurationList section */
		D0F5EFB919D116B900F973F1 /* Build configuration list for PBXProject "WJD" */ = {
			isa = XCConfigurationList;
			buildConfigurations = (
				D0F5EFC319D116B900F973F1 /* Debug */,
				D0F5EFC419D116B900F973F1 /* Release */,
			);
			defaultConfigurationIsVisible = 0;
			defaultConfigurationName = Release;
		};
		D0F5EFC519D116B900F973F1 /* Build configuration list for PBXNativeTarget "WJD" */ = {
			isa = XCConfigurationList;
			buildConfigurations = (
				D0F5EFC619D116B900F973F1 /* Debug */,
				D0F5EFC719D116B900F973F1 /* Release */,
			);
			defaultConfigurationIsVisible = 0;
			defaultConfigurationName = Release;
		};
/* End XCConfigurationList section */
	};
	rootObject = D0F5EFB619D116B900F973F1 /* Project object */;
}
