// !$*UTF8*$!
{
	archiveVersion = 1;
	classes = {
	};
	objectVersion = 46;
	objects = {

/* Begin PBXBuildFile section */
		D0F5EFC219D116B900F973F1 /* main.cpp in Sources */ = {isa = PBXBuildFile; fileRef = D0F5EFC119D116B900F973F1 /* main.cpp */; };
		D0F5EFCA19D1188000F973F1 /* Skills.cpp in Sources */ = {isa = PBXBuildFile; fileRef = D0F5EFC919D1188000F973F1 /* Skills.cpp */; };
/* End PBXBuildFile section */

/* Begin PBXCopyFilesBuildPhase section */
		D0F5EFBC19D116B900F973F1 /* CopyFiles */ = {
			isa = PBXCopyFilesBuildPhase;
			buildActionMask = 2147483647;
			dstPath = /usr/share/man/man1/;
			dstSubfolderSpec = 0;
			files = (
			);
			runOnlyForDeploymentPostprocessing = 1;
		};
/* End PBXCopyFilesBuildPhase section */

/* Begin PBXFileReference section */
		D0F5EFBE19D116B900F973F1 /* WJD */ = {isa = PBXFileReference; explicitFileType = "compiled.mach-o.executable"; includeInIndex = 0; path = WJD; sourceTree = BUILT_PRODUCTS_DIR; };
		D0F5EFC119D116B900F973F1 /* main.cpp */ = {isa = PBXFileReference; lastKnownFileType = sourcecode.cpp.cpp; path = main.cpp; sourceTree = "<group>"; };
		D0F5EFC819D1186C00F973F1 /* Skills.h */ = {isa = PBXFileReference; lastKnownFileType = sourcecode.c.h; path = Skills.h; sourceTree = "<group>"; };
		D0F5EFC919D1188000F973F1 /* Skills.cpp */ = {isa = PBXFileReference; fileEncoding = 4; lastKnownFileType = sourcecode.cpp.cpp; path = Skills.cpp; sourceTree = "<group>"; };
/* End PBXFileReference section */

/* Begin PBXFrameworksBuildPhase section */
		D0F5EFBB19D116B900F973F1 /* Frameworks */ = {
			isa = PBXFrameworksBuildPhase;
			buildActionMask = 2147483647;
			files = (
			);
			runOnlyForDeploymentPostprocessing = 0;
		};
/* End PBXFrameworksBuildPhase section */

/* Begin PBXGroup section */
		D0F5EFB519D116B900F973F1 = {
			isa = PBXGroup;
			children = (
				D0F5EFC019D116B900F973F1 /* WJD */,
				D0F5EFBF19D116B900F973F1 /* Products */,
			);
			sourceTree = "<group>";
		};
		D0F5EFBF19D116B900F973F1 /* Products */ = {
			isa = PBXGroup;
			children = (
				D0F5EFBE19D116B900F973F1 /* WJD */,
			);
			name = Products;
			sourceTree = "<group>";
		};
		D0F5EFC019D116B900F973F1 /* WJD */ = {
			isa = PBXGroup;
			children = (
				D0F5EFC119D116B900F973F1 /* main.cpp */,
				D0F5EFC819D1186C00F973F1 /* Skills.h */,
				D0F5EFC919D1188000F973F1 /* Skills.cpp */,
			);
			path = WJD;
			sourceTree = "<group>";
		};
/* End PBXGroup section */

/* Begin PBXNativeTarget section */
		D0F5EFBD19D116B900F973F1 /* WJD */ = {
			isa = PBXNativeTarget;
			buildConfigurationList = D0F5EFC519D116B900F973F1 /* Build configuration list for PBXNativeTarget "WJD" */;
			buildPhases = (
				D0F5EFBA19D116B900F973F1 /* Sources */,
				D0F5EFBB19D116B900F973F1 /* Frameworks */,
				D0F5EFBC19D116B900F973F1 /* CopyFiles */,
			);
			buildRules = (
			);
			dependencies = (
			);
			name = WJD;
			productName = WJD;
			productReference = D0F5EFBE19D116B900F973F1 /* WJD */;
			productType = "com.apple.product-type.tool";
		};
/* End PBXNativeTarget section */

/* Begin PBXProject section */
		D0F5EFB619D116B900F973F1 /* Project object */ = {
			isa = PBXProject;
			attributes = {
				LastUpgradeCheck = 0600;
				ORGANIZATIONNAME = "Yizhi Zhang";
				TargetAttributes = {
					D0F5EFBD19D116B900F973F1 = {
						CreatedOnToolsVersion = 6.0.1;
					};
				};
			};
			buildConfigurationList = D0F5EFB919D116B900F973F1 /* Build configuration list for PBXProject "WJD" */;
			compatibilityVersion = "Xcode 3.2";
			developmentRegion = English;
			hasScannedForEncodings = 0;
			knownRegions = (
				en,
			);
			mainGroup = D0F5EFB519D116B900F973F1;
			productRefGroup = D0F5EFBF19D116B900F973F1 /* Products */;
			projectDirPath = "";
			projectRoot = "";
			targets = (
				D0F5EFBD19D116B900F973F1 /* WJD */,
			);
		};
/* End PBXProject section */

/* Begin PBXSourcesBuildPhase section */
		D0F5EFBA19D116B900F973F1 /* Sources */ = {
			isa = PBXSourcesBuildPhase;
			buildActionMask = 2147483647;
			files = (
				D0F5EFC219D116B900F973F1 /* main.cpp in Sources */,
				D0F5EFCA19D1188000F973F1 /* Skills.cpp in Sources */,
			);
			runOnlyForDeploymentPostprocessing = 0;
		};
/* End PBXSourcesBuildPhase section */

/* Begin XCBuildConfiguration section */
		D0F5EFC319D116B900F973F1 /* Debug */ = {
			isa = XCBuildConfiguration;
			buildSettings = {
				ALWAYS_SEARCH_USER_PATHS = NO;
				CLANG_CXX_LANGUAGE_STANDARD = "gnu++0x";
				CLANG_CXX_LIBRARY = "libc++";
				CLANG_ENABLE_MODULES = YES;
				CLANG_ENABLE_OBJC_ARC = YES;
				CLANG_WARN_BOOL_CONVERSION = YES;
				CLANG_WARN_CONSTANT_CONVERSION = YES;
				CLANG_WARN_DIRECT_OBJC_ISA_USAGE = YES_ERROR;
				CLANG_WARN_EMPTY_BODY = YES;
				CLANG_WARN_ENUM_CONVERSION = YES;
				CLANG_WARN_INT_CONVERSION = YES;
				CLANG_WARN_OBJC_ROOT_CLASS = YES_ERROR;
				CLANG_WARN_UNREACHABLE_CODE = YES;
				CLANG_WARN__DUPLICATE_METHOD_MATCH = YES;
				COPY_PHASE_STRIP = NO;
				ENABLE_STRICT_OBJC_MSGSEND = YES;
				GCC_C_LANGUAGE_STANDARD = gnu99;
				GCC_DYNAMIC_NO_PIC = NO;
				GCC_OPTIMIZATION_LEVEL = 0;
				GCC_PREPROCESSOR_DEFINITIONS = (
					"DEBUG=1",
					"$(inherited)",
				);
				GCC_SYMBOLS_PRIVATE_EXTERN = NO;
				GCC_WARN_64_TO_32_BIT_CONVERSION = YES;
				GCC_WARN_ABOUT_RETURN_TYPE = YES_ERROR;
				GCC_WARN_UNDECLARED_SELECTOR = YES;
				GCC_WARN_UNINITIALIZED_AUTOS = YES_AGGRESSIVE;
				GCC_WARN_UNUSED_FUNCTION = YES;
				GCC_WARN_UNUSED_VARIABLE = YES;
				MACOSX_DEPLOYMENT_TARGET = 10.9;
				MTL_ENABLE_DEBUG_INFO = YES;
				ONLY_ACTIVE_ARCH = YES;
				SDKROOT = macosx;
			};
			name = Debug;
		};
		D0F5EFC419D116B900F973F1 /* Release */ = {
			isa = XCBuildConfiguration;
			buildSettings = {
				ALWAYS_SEARCH_USER_PATHS = NO;
				CLANG_CXX_LANGUAGE_STANDARD = "gnu++0x";
				CLANG_CXX_LIBRARY = "libc++";
				CLANG_ENABLE_MODULES = YES;
				CLANG_ENABLE_OBJC_ARC = YES;
				CLANG_WARN_BOOL_CONVERSION = YES;
				CLANG_WARN_CONSTANT_CONVERSION = YES;
				CLANG_WARN_DIRECT_OBJC_ISA_USAGE = YES_ERROR;
				CLANG_WARN_EMPTY_BODY = YES;
				CLANG_WARN_ENUM_CONVERSION = YES;
				CLANG_WARN_INT_CONVERSION = YES;
				CLANG_WARN_OBJC_ROOT_CLASS = YES_ERROR;
				CLANG_WARN_UNREACHABLE_CODE = YES;
				CLANG_WARN__DUPLICATE_METHOD_MATCH = YES;
				COPY_PHASE_STRIP = YES;
				DEBUG_INFORMATION_FORMAT = "dwarf-with-dsym";
				ENABLE_NS_ASSERTIONS = NO;
				ENABLE_STRICT_OBJC_MSGSEND = YES;
				GCC_C_LANGUAGE_STANDARD = gnu99;
				GCC_WARN_64_TO_32_BIT_CONVERSION = YES;
				GCC_WARN_ABOUT_RETURN_TYPE = YES_ERROR;
				GCC_WARN_UNDECLARED_SELECTOR = YES;
				GCC_WARN_UNINITIALIZED_AUTOS = YES_AGGRESSIVE;
				GCC_WARN_UNUSED_FUNCTION = YES;
				GCC_WARN_UNUSED_VARIABLE = YES;
				MACOSX_DEPLOYMENT_TARGET = 10.9;
				MTL_ENABLE_DEBUG_INFO = NO;
				SDKROOT = macosx;
			};
			name = Release;
		};
		D0F5EFC619D116B900F973F1 /* Debug */ = {
			isa = XCBuildConfiguration;
			buildSettings = {
				PRODUCT_NAME = "$(TARGET_NAME)";
			};
			name = Debug;
		};
		D0F5EFC719D116B900F973F1 /* Release */ = {
			isa = XCBuildConfiguration;
			buildSettings = {
				PRODUCT_NAME = "$(TARGET_NAME)";
			};
			name = Release;
		};
/* End XCBuildConfiguration section */

/* Begin XCConfigurationList section */
		D0F5EFB919D116B900F973F1 /* Build configuration list for PBXProject "WJD" */ = {
			isa = XCConfigurationList;
			buildConfigurations = (
				D0F5EFC319D116B900F973F1 /* Debug */,
				D0F5EFC419D116B900F973F1 /* Release */,
			);
			defaultConfigurationIsVisible = 0;
			defaultConfigurationName = Release;
		};
		D0F5EFC519D116B900F973F1 /* Build configuration list for PBXNativeTarget "WJD" */ = {
			isa = XCConfigurationList;
			buildConfigurations = (
				D0F5EFC619D116B900F973F1 /* Debug */,
				D0F5EFC719D116B900F973F1 /* Release */,
			);
			defaultConfigurationIsVisible = 0;
		};
/* End XCConfigurationList section */
	};
	rootObject = D0F5EFB619D116B900F973F1 /* Project object */;
}
